
Microsoft Visual Studio Solution File, Format Version 12.00
# Visual Studio 15
VisualStudioVersion = 15.0.26124.0
MinimumVisualStudioVersion = 15.0.26124.0
Project("{2150E333-8FDC-42A3-9474-1A3956D46DE8}") = "src", "src", "{8A0DD8FC-4167-48D5-BAED-0EB6D158B8ED}"
EndProject
Project("{FAE04EC0-301F-11D3-BF4B-00C04F79EFBC}") = "Fibon.Api", "src\Fibon.Api\Fibon.Api.csproj", "{C4E4A5C3-D3CB-4E91-859E-D5ABDB42F6F5}"
EndProject
Project("{FAE04EC0-301F-11D3-BF4B-00C04F79EFBC}") = "Fibon.Service", "src\Fibon.Service\Fibon.Service.csproj", "{4DE01154-17A6-4B2A-8BD2-2B254764651E}"
EndProject
Project("{FAE04EC0-301F-11D3-BF4B-00C04F79EFBC}") = "Fibon.Messages", "src\Fibon.Messages\Fibon.Messages.csproj", "{26A631F8-11CF-48E6-99AE-909296B2772B}"
EndProject
Global
	GlobalSection(SolutionConfigurationPlatforms) = preSolution
		Debug|Any CPU = Debug|Any CPU
		Debug|x64 = Debug|x64
		Debug|x86 = Debug|x86
		Release|Any CPU = Release|Any CPU
		Release|x64 = Release|x64
		Release|x86 = Release|x86
	EndGlobalSection
	GlobalSection(SolutionProperties) = preSolution
		HideSolutionNode = FALSE
	EndGlobalSection
	GlobalSection(ProjectConfigurationPlatforms) = postSolution
		{C4E4A5C3-D3CB-4E91-859E-D5ABDB42F6F5}.Debug|Any CPU.ActiveCfg = Debug|Any CPU
		{C4E4A5C3-D3CB-4E91-859E-D5ABDB42F6F5}.Debug|Any CPU.Build.0 = Debug|Any CPU
		{C4E4A5C3-D3CB-4E91-859E-D5ABDB42F6F5}.Debug|x64.ActiveCfg = Debug|x64
		{C4E4A5C3-D3CB-4E91-859E-D5ABDB42F6F5}.Debug|x64.Build.0 = Debug|x64
		{C4E4A5C3-D3CB-4E91-859E-D5ABDB42F6F5}.Debug|x86.ActiveCfg = Debug|x86
		{C4E4A5C3-D3CB-4E91-859E-D5ABDB42F6F5}.Debug|x86.Build.0 = Debug|x86
		{C4E4A5C3-D3CB-4E91-859E-D5ABDB42F6F5}.Release|Any CPU.ActiveCfg = Release|Any CPU
		{C4E4A5C3-D3CB-4E91-859E-D5ABDB42F6F5}.Release|Any CPU.Build.0 = Release|Any CPU
		{C4E4A5C3-D3CB-4E91-859E-D5ABDB42F6F5}.Release|x64.ActiveCfg = Release|x64
		{C4E4A5C3-D3CB-4E91-859E-D5ABDB42F6F5}.Release|x64.Build.0 = Release|x64
		{C4E4A5C3-D3CB-4E91-859E-D5ABDB42F6F5}.Release|x86.ActiveCfg = Release|x86
		{C4E4A5C3-D3CB-4E91-859E-D5ABDB42F6F5}.Release|x86.Build.0 = Release|x86
		{4DE01154-17A6-4B2A-8BD2-2B254764651E}.Debug|Any CPU.ActiveCfg = Debug|Any CPU
		{4DE01154-17A6-4B2A-8BD2-2B254764651E}.Debug|Any CPU.Build.0 = Debug|Any CPU
		{4DE01154-17A6-4B2A-8BD2-2B254764651E}.Debug|x64.ActiveCfg = Debug|x64
		{4DE01154-17A6-4B2A-8BD2-2B254764651E}.Debug|x64.Build.0 = Debug|x64
		{4DE01154-17A6-4B2A-8BD2-2B254764651E}.Debug|x86.ActiveCfg = Debug|x86
		{4DE01154-17A6-4B2A-8BD2-2B254764651E}.Debug|x86.Build.0 = Debug|x86
		{4DE01154-17A6-4B2A-8BD2-2B254764651E}.Release|Any CPU.ActiveCfg = Release|Any CPU
		{4DE01154-17A6-4B2A-8BD2-2B254764651E}.Release|Any CPU.Build.0 = Release|Any CPU
		{4DE01154-17A6-4B2A-8BD2-2B254764651E}.Release|x64.ActiveCfg = Release|x64
		{4DE01154-17A6-4B2A-8BD2-2B254764651E}.Release|x64.Build.0 = Release|x64
		{4DE01154-17A6-4B2A-8BD2-2B254764651E}.Release|x86.ActiveCfg = Release|x86
		{4DE01154-17A6-4B2A-8BD2-2B254764651E}.Release|x86.Build.0 = Release|x86
		{26A631F8-11CF-48E6-99AE-909296B2772B}.Debug|Any CPU.ActiveCfg = Debug|Any CPU
		{26A631F8-11CF-48E6-99AE-909296B2772B}.Debug|Any CPU.Build.0 = Debug|Any CPU
		{26A631F8-11CF-48E6-99AE-909296B2772B}.Debug|x64.ActiveCfg = Debug|x64
		{26A631F8-11CF-48E6-99AE-909296B2772B}.Debug|x64.Build.0 = Debug|x64
		{26A631F8-11CF-48E6-99AE-909296B2772B}.Debug|x86.ActiveCfg = Debug|x86
		{26A631F8-11CF-48E6-99AE-909296B2772B}.Debug|x86.Build.0 = Debug|x86
		{26A631F8-11CF-48E6-99AE-909296B2772B}.Release|Any CPU.ActiveCfg = Release|Any CPU
		{26A631F8-11CF-48E6-99AE-909296B2772B}.Release|Any CPU.Build.0 = Release|Any CPU
		{26A631F8-11CF-48E6-99AE-909296B2772B}.Release|x64.ActiveCfg = Release|x64
		{26A631F8-11CF-48E6-99AE-909296B2772B}.Release|x64.Build.0 = Release|x64
		{26A631F8-11CF-48E6-99AE-909296B2772B}.Release|x86.ActiveCfg = Release|x86
		{26A631F8-11CF-48E6-99AE-909296B2772B}.Release|x86.Build.0 = Release|x86
	EndGlobalSection
	GlobalSection(NestedProjects) = preSolution
		{C4E4A5C3-D3CB-4E91-859E-D5ABDB42F6F5} = {8A0DD8FC-4167-48D5-BAED-0EB6D158B8ED}
		{4DE01154-17A6-4B2A-8BD2-2B254764651E} = {8A0DD8FC-4167-48D5-BAED-0EB6D158B8ED}
		{26A631F8-11CF-48E6-99AE-909296B2772B} = {8A0DD8FC-4167-48D5-BAED-0EB6D158B8ED}
	EndGlobalSection
EndGlobal
